
Microsoft Visual Studio Solution File, Format Version 12.00
# Visual Studio Version 16
VisualStudioVersion = 16.0.31005.135
MinimumVisualStudioVersion = 10.0.40219.1
Project("{FAE04EC0-301F-11D3-BF4B-00C04F79EFBC}") = "TechnoDapperBlazor", "TechnoDapperBlazor.csproj", "{1F4B84D2-A96B-4BE5-B283-E7B1C99B1E19}"
EndProject
Project("{FAE04EC0-301F-11D3-BF4B-00C04F79EFBC}") = "TechnoApi", "..\..\TechApi\TechnoApi\TechnoApi.csproj", "{F99F8412-20D6-4CF0-9501-9F5B54460884}"
EndProject
Global
	GlobalSection(SolutionConfigurationPlatforms) = preSolution
		Debug|Any CPU = Debug|Any CPU
		Release|Any CPU = Release|Any CPU
	EndGlobalSection
	GlobalSection(ProjectConfigurationPlatforms) = postSolution
		{1F4B84D2-A96B-4BE5-B283-E7B1C99B1E19}.Debug|Any CPU.ActiveCfg = Debug|Any CPU
		{1F4B84D2-A96B-4BE5-B283-E7B1C99B1E19}.Debug|Any CPU.Build.0 = Debug|Any CPU
		{1F4B84D2-A96B-4BE5-B283-E7B1C99B1E19}.Release|Any CPU.ActiveCfg = Release|Any CPU
		{1F4B84D2-A96B-4BE5-B283-E7B1C99B1E19}.Release|Any CPU.Build.0 = Release|Any CPU
		{F99F8412-20D6-4CF0-9501-9F5B54460884}.Debug|Any CPU.ActiveCfg = Debug|Any CPU
		{F99F8412-20D6-4CF0-9501-9F5B54460884}.Debug|Any CPU.Build.0 = Debug|Any CPU
		{F99F8412-20D6-4CF0-9501-9F5B54460884}.Release|Any CPU.ActiveCfg = Release|Any CPU
		{F99F8412-20D6-4CF0-9501-9F5B54460884}.Release|Any CPU.Build.0 = Release|Any CPU
	EndGlobalSection
	GlobalSection(SolutionProperties) = preSolution
		HideSolutionNode = FALSE
	EndGlobalSection
	GlobalSection(ExtensibilityGlobals) = postSolution
		SolutionGuid = {1D3B8FE0-F462-4D4F-B8BE-8DF30B18B273}
	EndGlobalSection
EndGlobal
